
Microsoft Visual Studio Solution File, Format Version 12.00
# Visual Studio Version 16
VisualStudioVersion = 16.0.31424.327
MinimumVisualStudioVersion = 10.0.40219.1
Project("{FAE04EC0-301F-11D3-BF4B-00C04F79EFBC}") = "InventoryProjectDLyn", "InventoryProjectDLyn.csproj", "{84B4221F-CC88-4443-A756-B4CA5F0C211E}"
EndProject
Global
	GlobalSection(SolutionConfigurationPlatforms) = preSolution
		Debug|Any CPU = Debug|Any CPU
		Release|Any CPU = Release|Any CPU
	EndGlobalSection
	GlobalSection(ProjectConfigurationPlatforms) = postSolution
		{84B4221F-CC88-4443-A756-B4CA5F0C211E}.Debug|Any CPU.ActiveCfg = Debug|Any CPU
		{84B4221F-CC88-4443-A756-B4CA5F0C211E}.Debug|Any CPU.Build.0 = Debug|Any CPU
		{84B4221F-CC88-4443-A756-B4CA5F0C211E}.Release|Any CPU.ActiveCfg = Release|Any CPU
		{84B4221F-CC88-4443-A756-B4CA5F0C211E}.Release|Any CPU.Build.0 = Release|Any CPU
	EndGlobalSection
	GlobalSection(SolutionProperties) = preSolution
		HideSolutionNode = FALSE
	EndGlobalSection
	GlobalSection(ExtensibilityGlobals) = postSolution
		SolutionGuid = {26AFD0E9-EB71-4C23-8CA7-85B3837F9A85}
	EndGlobalSection
EndGlobal
